{
    "_readme": [
        "This file locks the dependencies of your project to a known state",
        "Read more about it at https://getcomposer.org/doc/01-basic-usage.md#installing-dependencies",
        "This file is @generated automatically"
    ],
    "content-hash": "a28eee64fbddd17b5820fb3a55ca2c5b",
    "packages": [
        {
            "name": "webdevstudios/wds-headless-theme",
            "version": "1.0.0",
            "source": {
                "type": "git",
                "url": "https://github.com/WebDevStudios/wds-headless-theme.git",
                "reference": "ccc7f5fb7c73c13654c2405810f053fb5f04229e"
            },
            "dist": {
                "type": "zip",
                "url": "https://api.github.com/repos/WebDevStudios/wds-headless-theme/zipball/ccc7f5fb7c73c13654c2405810f053fb5f04229e",
                "reference": "ccc7f5fb7c73c13654c2405810f053fb5f04229e",
                "shasum": ""
            },
            "type": "wordpress-theme",
            "notification-url": "https://packagist.org/downloads/",
            "license": [
                "GPL-2.0-or-later"
            ],
            "authors": [
                {
                    "name": "WebDevStudios",
                    "email": "contact@webdevstudios.com"
                }
            ],
            "description": "WordPress theme for the Next.js WordPress Starter.",
            "homepage": "https://github.com/WebDevStudios/nextjs-wordpress-starter",
            "support": {
                "source": "https://github.com/WebDevStudios/wds-headless-theme/tree/1.0.0"
            },
            "time": "2021-09-24T20:37:52+00:00"
        }
    ],
    "packages-dev": [],
    "aliases": [],
    "minimum-stability": "stable",
    "stability-flags": [],
    "prefer-stable": false,
    "prefer-lowest": false,
    "platform": [],
    "platform-dev": [],
    "plugin-api-version": "2.3.0"
}
